{
  "name": "image",
  "version": "1.0.0",
  "lockfileVersion": 3,
  "requires": true,
  "packages": {
    "": {
      "name": "image",
      "version": "1.0.0",
      "license": "ISC",
      "dependencies": {
        "@gab706/becrypt": "^1.1.1"
      }
    },
    "node_modules/@gab706/becrypt": {
      "version": "1.1.1",
      "resolved": "https://registry.npmjs.org/@gab706/becrypt/-/becrypt-1.1.1.tgz",
      "integrity": "sha512-XzXTE2f6PnHblUCOMns8ljtZlxTyfIiN2c8Nxdpfn/G5zBBWCZbIGjk/Y4VLE+Yj2gMcQKuKtBRayW/YjcE2tQ==",
      "license": "MIT",
      "engines": {
        "node": ">=21.6.1"
      }
    }
  }
}
